
Microsoft Visual Studio Solution File, Format Version 12.00
Project("{FAE04EC0-301F-11D3-BF4B-00C04F79EFBC}") = "PromptEngineeringPatterns.Core", "src\PromptEngineeringPatterns.Core\PromptEngineeringPatterns.Core.csproj", "{857FA62E-E4B2-4908-91E8-DA590C001220}"
EndProject
Project("{FAE04EC0-301F-11D3-BF4B-00C04F79EFBC}") = "PromptEngineeringPatterns.Console", "src\PromptEngineeringPatterns.Console\PromptEngineeringPatterns.Console.csproj", "{D9F7EFB1-163F-4AFB-A8E4-36F9C6A9D8E3}"
EndProject
Project("{FAE04EC0-301F-11D3-BF4B-00C04F79EFBC}") = "PromptEngineeringPatterns.Web", "src\PromptEngineeringPatterns.Web\PromptEngineeringPatterns.Web.csproj", "{0D59225F-EAAD-4CAF-B80A-7F2059CA31A7}"
EndProject
Global
	GlobalSection(SolutionConfigurationPlatforms) = preSolution
		Debug|Any CPU = Debug|Any CPU
		Release|Any CPU = Release|Any CPU
	EndGlobalSection
	GlobalSection(ProjectConfigurationPlatforms) = postSolution
		{857FA62E-E4B2-4908-91E8-DA590C001220}.Debug|Any CPU.ActiveCfg = Debug|Any CPU
		{857FA62E-E4B2-4908-91E8-DA590C001220}.Debug|Any CPU.Build.0 = Debug|Any CPU
		{857FA62E-E4B2-4908-91E8-DA590C001220}.Release|Any CPU.ActiveCfg = Release|Any CPU
		{857FA62E-E4B2-4908-91E8-DA590C001220}.Release|Any CPU.Build.0 = Release|Any CPU
		{D9F7EFB1-163F-4AFB-A8E4-36F9C6A9D8E3}.Debug|Any CPU.ActiveCfg = Debug|Any CPU
		{D9F7EFB1-163F-4AFB-A8E4-36F9C6A9D8E3}.Debug|Any CPU.Build.0 = Debug|Any CPU
		{D9F7EFB1-163F-4AFB-A8E4-36F9C6A9D8E3}.Release|Any CPU.ActiveCfg = Release|Any CPU
		{D9F7EFB1-163F-4AFB-A8E4-36F9C6A9D8E3}.Release|Any CPU.Build.0 = Release|Any CPU
		{0D59225F-EAAD-4CAF-B80A-7F2059CA31A7}.Debug|Any CPU.ActiveCfg = Debug|Any CPU
		{0D59225F-EAAD-4CAF-B80A-7F2059CA31A7}.Debug|Any CPU.Build.0 = Debug|Any CPU
		{0D59225F-EAAD-4CAF-B80A-7F2059CA31A7}.Release|Any CPU.ActiveCfg = Release|Any CPU
		{0D59225F-EAAD-4CAF-B80A-7F2059CA31A7}.Release|Any CPU.Build.0 = Release|Any CPU
	EndGlobalSection
EndGlobal
